
Microsoft Visual Studio Solution File, Format Version 12.00
# Visual Studio 2013
VisualStudioVersion = 12.0.21005.1
MinimumVisualStudioVersion = 10.0.40219.1
Project("{FAE04EC0-301F-11D3-BF4B-00C04F79EFBC}") = "SqlMigratorWinform", "SqlMigratorWinform\SqlMigratorWinform.csproj", "{7445730C-1280-4BA1-B172-794ED412574E}"
EndProject
Project("{FAE04EC0-301F-11D3-BF4B-00C04F79EFBC}") = "SqlMigratorCore", "SqlMigratorCore\SqlMigratorCore.csproj", "{FC5DBD55-E6AD-41EA-AA03-2338605DE848}"
EndProject
Global
	GlobalSection(SolutionConfigurationPlatforms) = preSolution
		Debug|Any CPU = Debug|Any CPU
		Release|Any CPU = Release|Any CPU
	EndGlobalSection
	GlobalSection(ProjectConfigurationPlatforms) = postSolution
		{7445730C-1280-4BA1-B172-794ED412574E}.Debug|Any CPU.ActiveCfg = Debug|Any CPU
		{7445730C-1280-4BA1-B172-794ED412574E}.Debug|Any CPU.Build.0 = Debug|Any CPU
		{7445730C-1280-4BA1-B172-794ED412574E}.Release|Any CPU.ActiveCfg = Release|Any CPU
		{7445730C-1280-4BA1-B172-794ED412574E}.Release|Any CPU.Build.0 = Release|Any CPU
		{FC5DBD55-E6AD-41EA-AA03-2338605DE848}.Debug|Any CPU.ActiveCfg = Debug|Any CPU
		{FC5DBD55-E6AD-41EA-AA03-2338605DE848}.Debug|Any CPU.Build.0 = Debug|Any CPU
		{FC5DBD55-E6AD-41EA-AA03-2338605DE848}.Release|Any CPU.ActiveCfg = Release|Any CPU
		{FC5DBD55-E6AD-41EA-AA03-2338605DE848}.Release|Any CPU.Build.0 = Release|Any CPU
	EndGlobalSection
	GlobalSection(SolutionProperties) = preSolution
		HideSolutionNode = FALSE
	EndGlobalSection
EndGlobal
